
Microsoft Visual Studio Solution File, Format Version 12.00
# Visual Studio Version 17
VisualStudioVersion = 17.11.35219.272
MinimumVisualStudioVersion = 10.0.40219.1
Project("{FAE04EC0-301F-11D3-BF4B-00C04F79EFBC}") = "AZ-400-May-26-APP1", "AZ-400-May-26-APP1.csproj", "{AA311C60-DFE3-46B5-91E8-C50114626C1F}"
EndProject
Global
	GlobalSection(SolutionConfigurationPlatforms) = preSolution
		Debug|Any CPU = Debug|Any CPU
		Release|Any CPU = Release|Any CPU
	EndGlobalSection
	GlobalSection(ProjectConfigurationPlatforms) = postSolution
		{AA311C60-DFE3-46B5-91E8-C50114626C1F}.Debug|Any CPU.ActiveCfg = Debug|Any CPU
		{AA311C60-DFE3-46B5-91E8-C50114626C1F}.Debug|Any CPU.Build.0 = Debug|Any CPU
		{AA311C60-DFE3-46B5-91E8-C50114626C1F}.Release|Any CPU.ActiveCfg = Release|Any CPU
		{AA311C60-DFE3-46B5-91E8-C50114626C1F}.Release|Any CPU.Build.0 = Release|Any CPU
	EndGlobalSection
	GlobalSection(SolutionProperties) = preSolution
		HideSolutionNode = FALSE
	EndGlobalSection
	GlobalSection(ExtensibilityGlobals) = postSolution
		SolutionGuid = {90F2A677-999F-46DF-A439-970325EED239}
	EndGlobalSection
EndGlobal
